{
  "requires": true,
  "lockfileVersion": 1,
  "dependencies": {
    "@types/stripe-checkout": {
      "version": "1.0.3",
      "resolved": "https://registry.npmjs.org/@types/stripe-checkout/-/stripe-checkout-1.0.3.tgz",
      "integrity": "sha512-7JIyo1ou6w6+ee2SETytZocTvYgtGkivv5NVQ53xKv8WbVIYYhNPWwVzg56E47E4S4O55L1UywRR4FC+XgXPWA==",
      "dev": true,
      "requires": {
        "@types/stripe-v3": "*"
      }
    },
    "@types/stripe-v3": {
      "version": "3.1.9",
      "resolved": "https://registry.npmjs.org/@types/stripe-v3/-/stripe-v3-3.1.9.tgz",
      "integrity": "sha512-FTKwqD9fIBhnBZFHgxVy+dlrx4twIJLef9bJi9+YHGL/tRLxNYbuMcazN7ovqFPPvby9+u7T5Z1Zb5hJdQ0jkg==",
      "dev": true
    }
  }
}
